
Microsoft Visual Studio Solution File, Format Version 12.00
# Visual Studio Version 16
VisualStudioVersion = 16.0.30413.136
MinimumVisualStudioVersion = 10.0.40219.1
Project("{FAE04EC0-301F-11D3-BF4B-00C04F79EFBC}") = "WPFContactManager", "WPFContactManager\WPFContactManager.csproj", "{FD52E320-9CC3-42DA-94B3-9E3334617D04}"
EndProject
Global
	GlobalSection(SolutionConfigurationPlatforms) = preSolution
		Debug|Any CPU = Debug|Any CPU
		Release|Any CPU = Release|Any CPU
	EndGlobalSection
	GlobalSection(ProjectConfigurationPlatforms) = postSolution
		{FD52E320-9CC3-42DA-94B3-9E3334617D04}.Debug|Any CPU.ActiveCfg = Debug|Any CPU
		{FD52E320-9CC3-42DA-94B3-9E3334617D04}.Debug|Any CPU.Build.0 = Debug|Any CPU
		{FD52E320-9CC3-42DA-94B3-9E3334617D04}.Release|Any CPU.ActiveCfg = Release|Any CPU
		{FD52E320-9CC3-42DA-94B3-9E3334617D04}.Release|Any CPU.Build.0 = Release|Any CPU
	EndGlobalSection
	GlobalSection(SolutionProperties) = preSolution
		HideSolutionNode = FALSE
	EndGlobalSection
	GlobalSection(ExtensibilityGlobals) = postSolution
		SolutionGuid = {39C0BD12-8E65-4D05-91B5-739A66C75DEE}
	EndGlobalSection
EndGlobal
